
Microsoft Visual Studio Solution File, Format Version 12.00
# Visual Studio Version 17
VisualStudioVersion = 17.0.31903.59
MinimumVisualStudioVersion = 10.0.40219.1
Project("{FAE04EC0-301F-11D3-BF4B-00C04F79EFBC}") = "ValuesAndReferences", "ValuesAndReferences\ValuesAndReferences.csproj", "{82E80AA2-6079-4250-A3BA-E211651A0FEA}"
EndProject
Project("{FAE04EC0-301F-11D3-BF4B-00C04F79EFBC}") = "Tempo", "Tempo\Tempo.csproj", "{C960D5CC-75EF-4CF4-909B-91F5489539E3}"
EndProject
Project("{FAE04EC0-301F-11D3-BF4B-00C04F79EFBC}") = "RandomTest", "RandomTest\RandomTest.csproj", "{9560F2B7-649A-432B-A548-5402390AA766}"
EndProject
Project("{FAE04EC0-301F-11D3-BF4B-00C04F79EFBC}") = "RandomDice", "RandomDice\RandomDice.csproj", "{D1F20E10-C5E2-4835-829F-CFD66A9C3F30}"
EndProject
Project("{FAE04EC0-301F-11D3-BF4B-00C04F79EFBC}") = "UpperUnion", "UpperUnion\UpperUnion.csproj", "{ED1E3B98-2672-431B-BEFD-01001C783F5A}"
EndProject
Global
	GlobalSection(SolutionConfigurationPlatforms) = preSolution
		Debug|Any CPU = Debug|Any CPU
		Release|Any CPU = Release|Any CPU
	EndGlobalSection
	GlobalSection(SolutionProperties) = preSolution
		HideSolutionNode = FALSE
	EndGlobalSection
	GlobalSection(ProjectConfigurationPlatforms) = postSolution
		{82E80AA2-6079-4250-A3BA-E211651A0FEA}.Debug|Any CPU.ActiveCfg = Debug|Any CPU
		{82E80AA2-6079-4250-A3BA-E211651A0FEA}.Debug|Any CPU.Build.0 = Debug|Any CPU
		{82E80AA2-6079-4250-A3BA-E211651A0FEA}.Release|Any CPU.ActiveCfg = Release|Any CPU
		{82E80AA2-6079-4250-A3BA-E211651A0FEA}.Release|Any CPU.Build.0 = Release|Any CPU
		{C960D5CC-75EF-4CF4-909B-91F5489539E3}.Debug|Any CPU.ActiveCfg = Debug|Any CPU
		{C960D5CC-75EF-4CF4-909B-91F5489539E3}.Debug|Any CPU.Build.0 = Debug|Any CPU
		{C960D5CC-75EF-4CF4-909B-91F5489539E3}.Release|Any CPU.ActiveCfg = Release|Any CPU
		{C960D5CC-75EF-4CF4-909B-91F5489539E3}.Release|Any CPU.Build.0 = Release|Any CPU
		{9560F2B7-649A-432B-A548-5402390AA766}.Debug|Any CPU.ActiveCfg = Debug|Any CPU
		{9560F2B7-649A-432B-A548-5402390AA766}.Debug|Any CPU.Build.0 = Debug|Any CPU
		{9560F2B7-649A-432B-A548-5402390AA766}.Release|Any CPU.ActiveCfg = Release|Any CPU
		{9560F2B7-649A-432B-A548-5402390AA766}.Release|Any CPU.Build.0 = Release|Any CPU
		{D1F20E10-C5E2-4835-829F-CFD66A9C3F30}.Debug|Any CPU.ActiveCfg = Debug|Any CPU
		{D1F20E10-C5E2-4835-829F-CFD66A9C3F30}.Debug|Any CPU.Build.0 = Debug|Any CPU
		{D1F20E10-C5E2-4835-829F-CFD66A9C3F30}.Release|Any CPU.ActiveCfg = Release|Any CPU
		{D1F20E10-C5E2-4835-829F-CFD66A9C3F30}.Release|Any CPU.Build.0 = Release|Any CPU
		{ED1E3B98-2672-431B-BEFD-01001C783F5A}.Debug|Any CPU.ActiveCfg = Debug|Any CPU
		{ED1E3B98-2672-431B-BEFD-01001C783F5A}.Debug|Any CPU.Build.0 = Debug|Any CPU
		{ED1E3B98-2672-431B-BEFD-01001C783F5A}.Release|Any CPU.ActiveCfg = Release|Any CPU
		{ED1E3B98-2672-431B-BEFD-01001C783F5A}.Release|Any CPU.Build.0 = Release|Any CPU
	EndGlobalSection
EndGlobal
